// !$*UTF8*$!
{
	archiveVersion = 1;
	classes = {
	};
	objectVersion = 50;
	objects = {

/* Begin PBXBuildFile section */
		2118A2AA21B7CB6800D1547A /* JoDes.m in Sources */ = {isa = PBXBuildFile; fileRef = 2118A2A821B7CB6800D1547A /* JoDes.m */; };
		2118A2AB21B7CB6800D1547A /* JoDes.h in Headers */ = {isa = PBXBuildFile; fileRef = 2118A2A921B7CB6800D1547A /* JoDes.h */; };
		2129740821B5248D00246DCF /* LY_BindPhoneController.h in Headers */ = {isa = PBXBuildFile; fileRef = 2129740621B5248D00246DCF /* LY_BindPhoneController.h */; };
		2129740921B5248D00246DCF /* LY_BindPhoneController.m in Sources */ = {isa = PBXBuildFile; fileRef = 2129740721B5248D00246DCF /* LY_BindPhoneController.m */; };
		21298AE221B688C3002A7198 /* LY_OtherPayViewController.m in Sources */ = {isa = PBXBuildFile; fileRef = 21298ADF21B688C3002A7198 /* LY_OtherPayViewController.m */; };
		21298AE321B688C3002A7198 /* LY_OtherPayViewController.xib in Resources */ = {isa = PBXBuildFile; fileRef = 21298AE021B688C3002A7198 /* LY_OtherPayViewController.xib */; };
		21298AE421B688C3002A7198 /* LY_OtherPayViewController.h in Headers */ = {isa = PBXBuildFile; fileRef = 21298AE121B688C3002A7198 /* LY_OtherPayViewController.h */; };
		214C051C21B53D0300A58096 /* LY_ModifyPsdController.h in Headers */ = {isa = PBXBuildFile; fileRef = 214C051A21B53D0300A58096 /* LY_ModifyPsdController.h */; };
		214C051D21B53D0300A58096 /* LY_ModifyPsdController.m in Sources */ = {isa = PBXBuildFile; fileRef = 214C051B21B53D0300A58096 /* LY_ModifyPsdController.m */; };
		216BE6B921AE6110007D3BD5 /* SVRadialGradientLayer.m in Sources */ = {isa = PBXBuildFile; fileRef = 216BE6B021AE6110007D3BD5 /* SVRadialGradientLayer.m */; };
		216BE6BA21AE6110007D3BD5 /* SVIndefiniteAnimatedView.h in Headers */ = {isa = PBXBuildFile; fileRef = 216BE6B121AE6110007D3BD5 /* SVIndefiniteAnimatedView.h */; };
		216BE6BB21AE6110007D3BD5 /* SVProgressHUD.h in Headers */ = {isa = PBXBuildFile; fileRef = 216BE6B221AE6110007D3BD5 /* SVProgressHUD.h */; };
		216BE6BC21AE6110007D3BD5 /* SVProgressAnimatedView.m in Sources */ = {isa = PBXBuildFile; fileRef = 216BE6B321AE6110007D3BD5 /* SVProgressAnimatedView.m */; };
		216BE6BD21AE6110007D3BD5 /* SVProgressHUD-Prefix.pch in Headers */ = {isa = PBXBuildFile; fileRef = 216BE6B421AE6110007D3BD5 /* SVProgressHUD-Prefix.pch */; };
		216BE6BE21AE6110007D3BD5 /* SVRadialGradientLayer.h in Headers */ = {isa = PBXBuildFile; fileRef = 216BE6B521AE6110007D3BD5 /* SVRadialGradientLayer.h */; };
		216BE6BF21AE6110007D3BD5 /* SVProgressHUD.m in Sources */ = {isa = PBXBuildFile; fileRef = 216BE6B621AE6110007D3BD5 /* SVProgressHUD.m */; };
		216BE6C021AE6110007D3BD5 /* SVIndefiniteAnimatedView.m in Sources */ = {isa = PBXBuildFile; fileRef = 216BE6B721AE6110007D3BD5 /* SVIndefiniteAnimatedView.m */; };
		216BE6C121AE6110007D3BD5 /* SVProgressAnimatedView.h in Headers */ = {isa = PBXBuildFile; fileRef = 216BE6B821AE6110007D3BD5 /* SVProgressAnimatedView.h */; };
		216BE6C521AE6327007D3BD5 /* LYouAppPayController.h in Headers */ = {isa = PBXBuildFile; fileRef = 216BE6C321AE6327007D3BD5 /* LYouAppPayController.h */; };
		216BE6C621AE6327007D3BD5 /* LYouAppPayController.m in Sources */ = {isa = PBXBuildFile; fileRef = 216BE6C421AE6327007D3BD5 /* LYouAppPayController.m */; };
		217E777A21B4C73400B7930A /* LYouOtherPayController.h in Headers */ = {isa = PBXBuildFile; fileRef = 217E777821B4C73400B7930A /* LYouOtherPayController.h */; };
		217E777B21B4C73400B7930A /* LYouOtherPayController.m in Sources */ = {isa = PBXBuildFile; fileRef = 217E777921B4C73400B7930A /* LYouOtherPayController.m */; };
		217E777E21B4CB0100B7930A /* LYouNetWorkManager.h in Headers */ = {isa = PBXBuildFile; fileRef = 217E777C21B4CB0100B7930A /* LYouNetWorkManager.h */; };
		217E777F21B4CB0100B7930A /* LYouNetWorkManager.m in Sources */ = {isa = PBXBuildFile; fileRef = 217E777D21B4CB0100B7930A /* LYouNetWorkManager.m */; };
		217E778F21B50AC700B7930A /* LYUserCenterManager.h in Headers */ = {isa = PBXBuildFile; fileRef = 217E778D21B50AC700B7930A /* LYUserCenterManager.h */; };
		217E779021B50AC700B7930A /* LYUserCenterManager.m in Sources */ = {isa = PBXBuildFile; fileRef = 217E778E21B50AC700B7930A /* LYUserCenterManager.m */; };
		217E779321B50BF300B7930A /* LY_UserViewController.h in Headers */ = {isa = PBXBuildFile; fileRef = 217E779121B50BF300B7930A /* LY_UserViewController.h */; };
		217E779421B50BF300B7930A /* LY_UserViewController.m in Sources */ = {isa = PBXBuildFile; fileRef = 217E779221B50BF300B7930A /* LY_UserViewController.m */; };
		21F168CC21AD140F00C69519 /* AppDelegate.m in Sources */ = {isa = PBXBuildFile; fileRef = 21F168CB21AD140F00C69519 /* AppDelegate.m */; };
		21F168CF21AD140F00C69519 /* ViewController.m in Sources */ = {isa = PBXBuildFile; fileRef = 21F168CE21AD140F00C69519 /* ViewController.m */; };
		21F168D221AD140F00C69519 /* Main.storyboard in Resources */ = {isa = PBXBuildFile; fileRef = 21F168D021AD140F00C69519 /* Main.storyboard */; };
		21F168D421AD141000C69519 /* Assets.xcassets in Resources */ = {isa = PBXBuildFile; fileRef = 21F168D321AD141000C69519 /* Assets.xcassets */; };
		21F168D721AD141000C69519 /* LaunchScreen.storyboard in Resources */ = {isa = PBXBuildFile; fileRef = 21F168D521AD141000C69519 /* LaunchScreen.storyboard */; };
		21F168DA21AD141000C69519 /* main.m in Sources */ = {isa = PBXBuildFile; fileRef = 21F168D921AD141000C69519 /* main.m */; };
		21F168E121AD145000C69519 /* LYouFrameWork.framework in Frameworks */ = {isa = PBXBuildFile; fileRef = 21F168B921AD13BD00C69519 /* LYouFrameWork.framework */; };
		21F168E421AD149100C69519 /* LYouManager.h in Headers */ = {isa = PBXBuildFile; fileRef = 21F168E221AD149100C69519 /* LYouManager.h */; settings = {ATTRIBUTES = (Public, ); }; };
		21F168E521AD149100C69519 /* LYouManager.m in Sources */ = {isa = PBXBuildFile; fileRef = 21F168E321AD149100C69519 /* LYouManager.m */; };
		21F168EA21AD18D000C69519 /* LYouNetClient.h in Headers */ = {isa = PBXBuildFile; fileRef = 21F168E821AD18D000C69519 /* LYouNetClient.h */; };
		21F168EB21AD18D000C69519 /* LYouNetClient.m in Sources */ = {isa = PBXBuildFile; fileRef = 21F168E921AD18D000C69519 /* LYouNetClient.m */; };
		21F168F021AD1EA000C69519 /* LYouMD5Tool.h in Headers */ = {isa = PBXBuildFile; fileRef = 21F168EE21AD1EA000C69519 /* LYouMD5Tool.h */; };
		21F168F121AD1EA000C69519 /* LYouMD5Tool.m in Sources */ = {isa = PBXBuildFile; fileRef = 21F168EF21AD1EA000C69519 /* LYouMD5Tool.m */; };
		21F168F821AD200200C69519 /* UIView+SDAutoLayout.m in Sources */ = {isa = PBXBuildFile; fileRef = 21F168F321AD200200C69519 /* UIView+SDAutoLayout.m */; };
		21F168F921AD200200C69519 /* UITableView+SDAutoTableViewCellHeight.h in Headers */ = {isa = PBXBuildFile; fileRef = 21F168F421AD200200C69519 /* UITableView+SDAutoTableViewCellHeight.h */; };
		21F168FA21AD200200C69519 /* SDAutoLayout.h in Headers */ = {isa = PBXBuildFile; fileRef = 21F168F521AD200200C69519 /* SDAutoLayout.h */; };
		21F168FB21AD200200C69519 /* UITableView+SDAutoTableViewCellHeight.m in Sources */ = {isa = PBXBuildFile; fileRef = 21F168F621AD200200C69519 /* UITableView+SDAutoTableViewCellHeight.m */; };
		21F168FC21AD200200C69519 /* UIView+SDAutoLayout.h in Headers */ = {isa = PBXBuildFile; fileRef = 21F168F721AD200200C69519 /* UIView+SDAutoLayout.h */; };
		21F1693321AD22C500C69519 /* LYouPrefixHeader.pch in Headers */ = {isa = PBXBuildFile; fileRef = 21F1693221AD22C500C69519 /* LYouPrefixHeader.pch */; };
		21F1693721AD244400C69519 /* LYouMacro.h in Headers */ = {isa = PBXBuildFile; fileRef = 21F1693621AD244400C69519 /* LYouMacro.h */; };
		21F1693B21AD269C00C69519 /* LYouUserDefauleManager.h in Headers */ = {isa = PBXBuildFile; fileRef = 21F1693921AD269C00C69519 /* LYouUserDefauleManager.h */; };
		21F1693C21AD269C00C69519 /* LYouUserDefauleManager.m in Sources */ = {isa = PBXBuildFile; fileRef = 21F1693A21AD269C00C69519 /* LYouUserDefauleManager.m */; };
		21F1693E21AD270200C69519 /* LYouUserMacro.h in Headers */ = {isa = PBXBuildFile; fileRef = 21F1693D21AD270200C69519 /* LYouUserMacro.h */; };
		21F1695621AD2C4800C69519 /* LYouLoginController.h in Headers */ = {isa = PBXBuildFile; fileRef = 21F1695421AD2C4800C69519 /* LYouLoginController.h */; };
		21F1695721AD2C4800C69519 /* LYouLoginController.m in Sources */ = {isa = PBXBuildFile; fileRef = 21F1695521AD2C4800C69519 /* LYouLoginController.m */; };
		21F1695C21AD2D8C00C69519 /* LYouTopViewManager.h in Headers */ = {isa = PBXBuildFile; fileRef = 21F1695A21AD2D8C00C69519 /* LYouTopViewManager.h */; };
		21F1695D21AD2D8C00C69519 /* LYouTopViewManager.m in Sources */ = {isa = PBXBuildFile; fileRef = 21F1695B21AD2D8C00C69519 /* LYouTopViewManager.m */; };
		21F1699221AD509700C69519 /* images.bundle in Resources */ = {isa = PBXBuildFile; fileRef = 21F1699121AD509700C69519 /* images.bundle */; };
		21F1BC2321AE84F2008CAFA5 /* LYLoginView.h in Headers */ = {isa = PBXBuildFile; fileRef = 21F1BC2121AE84F2008CAFA5 /* LYLoginView.h */; };
		21F1BC2421AE84F2008CAFA5 /* LYLoginView.m in Sources */ = {isa = PBXBuildFile; fileRef = 21F1BC2221AE84F2008CAFA5 /* LYLoginView.m */; };
		21F1BC6221AEA4DD008CAFA5 /* UIView+FTCornerdious.h in Headers */ = {isa = PBXBuildFile; fileRef = 21F1BC6021AEA4DC008CAFA5 /* UIView+FTCornerdious.h */; };
		21F1BC6321AEA4DD008CAFA5 /* UIView+FTCornerdious.m in Sources */ = {isa = PBXBuildFile; fileRef = 21F1BC6121AEA4DD008CAFA5 /* UIView+FTCornerdious.m */; };
		21F1BC6621AF81C2008CAFA5 /* LYouAcountLoginController.h in Headers */ = {isa = PBXBuildFile; fileRef = 21F1BC6421AF81C2008CAFA5 /* LYouAcountLoginController.h */; };
		21F1BC6721AF81C2008CAFA5 /* LYouAcountLoginController.m in Sources */ = {isa = PBXBuildFile; fileRef = 21F1BC6521AF81C2008CAFA5 /* LYouAcountLoginController.m */; };
		21F1BC6A21AF81F4008CAFA5 /* LYAccountLoginView.h in Headers */ = {isa = PBXBuildFile; fileRef = 21F1BC6821AF81F4008CAFA5 /* LYAccountLoginView.h */; };
		21F1BC6B21AF81F4008CAFA5 /* LYAccountLoginView.m in Sources */ = {isa = PBXBuildFile; fileRef = 21F1BC6921AF81F4008CAFA5 /* LYAccountLoginView.m */; };
		21F1BC9421AF895B008CAFA5 /* LICENSE.md in Resources */ = {isa = PBXBuildFile; fileRef = 21F1BC6D21AF895B008CAFA5 /* LICENSE.md */; };
		21F1BC9521AF895B008CAFA5 /* README.md in Resources */ = {isa = PBXBuildFile; fileRef = 21F1BC6E21AF895B008CAFA5 /* README.md */; };
		21F1BC9621AF895B008CAFA5 /* IQTextView.m in Sources */ = {isa = PBXBuildFile; fileRef = 21F1BC7121AF895B008CAFA5 /* IQTextView.m */; };
		21F1BC9721AF895B008CAFA5 /* IQTextView.h in Headers */ = {isa = PBXBuildFile; fileRef = 21F1BC7221AF895B008CAFA5 /* IQTextView.h */; };
		21F1BC9821AF895B008CAFA5 /* IQUIView+IQKeyboardToolbar.h in Headers */ = {isa = PBXBuildFile; fileRef = 21F1BC7421AF895B008CAFA5 /* IQUIView+IQKeyboardToolbar.h */; };
		21F1BC9921AF895B008CAFA5 /* IQToolbar.m in Sources */ = {isa = PBXBuildFile; fileRef = 21F1BC7521AF895B008CAFA5 /* IQToolbar.m */; };
		21F1BC9A21AF895B008CAFA5 /* IQPreviousNextView.h in Headers */ = {isa = PBXBuildFile; fileRef = 21F1BC7621AF895B008CAFA5 /* IQPreviousNextView.h */; };
		21F1BC9B21AF895B008CAFA5 /* IQTitleBarButtonItem.m in Sources */ = {isa = PBXBuildFile; fileRef = 21F1BC7721AF895B008CAFA5 /* IQTitleBarButtonItem.m */; };
		21F1BC9C21AF895B008CAFA5 /* IQBarButtonItem.m in Sources */ = {isa = PBXBuildFile; fileRef = 21F1BC7821AF895B008CAFA5 /* IQBarButtonItem.m */; };
		21F1BC9D21AF895B008CAFA5 /* IQUIView+IQKeyboardToolbar.m in Sources */ = {isa = PBXBuildFile; fileRef = 21F1BC7921AF895B008CAFA5 /* IQUIView+IQKeyboardToolbar.m */; };
		21F1BC9E21AF895B008CAFA5 /* IQPreviousNextView.m in Sources */ = {isa = PBXBuildFile; fileRef = 21F1BC7A21AF895B008CAFA5 /* IQPreviousNextView.m */; };
		21F1BC9F21AF895B008CAFA5 /* IQToolbar.h in Headers */ = {isa = PBXBuildFile; fileRef = 21F1BC7B21AF895B008CAFA5 /* IQToolbar.h */; };
		21F1BCA021AF895B008CAFA5 /* IQBarButtonItem.h in Headers */ = {isa = PBXBuildFile; fileRef = 21F1BC7C21AF895B008CAFA5 /* IQBarButtonItem.h */; };
		21F1BCA121AF895B008CAFA5 /* IQTitleBarButtonItem.h in Headers */ = {isa = PBXBuildFile; fileRef = 21F1BC7D21AF895B008CAFA5 /* IQTitleBarButtonItem.h */; };
		21F1BCA221AF895B008CAFA5 /* IQKeyboardManagerConstantsInternal.h in Headers */ = {isa = PBXBuildFile; fileRef = 21F1BC7F21AF895B008CAFA5 /* IQKeyboardManagerConstantsInternal.h */; };
		21F1BCA321AF895B008CAFA5 /* IQKeyboardManagerConstants.h in Headers */ = {isa = PBXBuildFile; fileRef = 21F1BC8021AF895B008CAFA5 /* IQKeyboardManagerConstants.h */; };
		21F1BCA421AF895B008CAFA5 /* IQKeyboardManager.bundle in Resources */ = {isa = PBXBuildFile; fileRef = 21F1BC8221AF895B008CAFA5 /* IQKeyboardManager.bundle */; };
		21F1BCA521AF895B008CAFA5 /* IQKeyboardReturnKeyHandler.h in Headers */ = {isa = PBXBuildFile; fileRef = 21F1BC8321AF895B008CAFA5 /* IQKeyboardReturnKeyHandler.h */; };
		21F1BCA621AF895B008CAFA5 /* IQKeyboardManager.h in Headers */ = {isa = PBXBuildFile; fileRef = 21F1BC8421AF895B008CAFA5 /* IQKeyboardManager.h */; };
		21F1BCA721AF895B008CAFA5 /* IQKeyboardManager.m in Sources */ = {isa = PBXBuildFile; fileRef = 21F1BC8521AF895B008CAFA5 /* IQKeyboardManager.m */; };
		21F1BCA821AF895B008CAFA5 /* IQNSArray+Sort.m in Sources */ = {isa = PBXBuildFile; fileRef = 21F1BC8721AF895B008CAFA5 /* IQNSArray+Sort.m */; };
		21F1BCA921AF895B008CAFA5 /* IQUIWindow+Hierarchy.m in Sources */ = {isa = PBXBuildFile; fileRef = 21F1BC8821AF895B008CAFA5 /* IQUIWindow+Hierarchy.m */; };
		21F1BCAA21AF895B008CAFA5 /* IQUIViewController+Additions.h in Headers */ = {isa = PBXBuildFile; fileRef = 21F1BC8921AF895B008CAFA5 /* IQUIViewController+Additions.h */; };
		21F1BCAB21AF895B008CAFA5 /* IQUITextFieldView+Additions.m in Sources */ = {isa = PBXBuildFile; fileRef = 21F1BC8A21AF895B008CAFA5 /* IQUITextFieldView+Additions.m */; };
		21F1BCAC21AF895B008CAFA5 /* IQUIScrollView+Additions.m in Sources */ = {isa = PBXBuildFile; fileRef = 21F1BC8B21AF895B008CAFA5 /* IQUIScrollView+Additions.m */; };
		21F1BCAD21AF895B008CAFA5 /* IQUIView+Hierarchy.m in Sources */ = {isa = PBXBuildFile; fileRef = 21F1BC8C21AF895B008CAFA5 /* IQUIView+Hierarchy.m */; };
		21F1BCAE21AF895B008CAFA5 /* IQUIWindow+Hierarchy.h in Headers */ = {isa = PBXBuildFile; fileRef = 21F1BC8D21AF895B008CAFA5 /* IQUIWindow+Hierarchy.h */; };
		21F1BCAF21AF895B008CAFA5 /* IQNSArray+Sort.h in Headers */ = {isa = PBXBuildFile; fileRef = 21F1BC8E21AF895B008CAFA5 /* IQNSArray+Sort.h */; };
		21F1BCB021AF895B008CAFA5 /* IQUIScrollView+Additions.h in Headers */ = {isa = PBXBuildFile; fileRef = 21F1BC8F21AF895B008CAFA5 /* IQUIScrollView+Additions.h */; };
		21F1BCB121AF895B008CAFA5 /* IQUITextFieldView+Additions.h in Headers */ = {isa = PBXBuildFile; fileRef = 21F1BC9021AF895B008CAFA5 /* IQUITextFieldView+Additions.h */; };
		21F1BCB221AF895B008CAFA5 /* IQUIViewController+Additions.m in Sources */ = {isa = PBXBuildFile; fileRef = 21F1BC9121AF895B008CAFA5 /* IQUIViewController+Additions.m */; };
		21F1BCB321AF895B008CAFA5 /* IQUIView+Hierarchy.h in Headers */ = {isa = PBXBuildFile; fileRef = 21F1BC9221AF895B008CAFA5 /* IQUIView+Hierarchy.h */; };
		21F1BCB421AF895B008CAFA5 /* IQKeyboardReturnKeyHandler.m in Sources */ = {isa = PBXBuildFile; fileRef = 21F1BC9321AF895B008CAFA5 /* IQKeyboardReturnKeyHandler.m */; };
		21F1BCB721AFB8E9008CAFA5 /* LYRegisterController.h in Headers */ = {isa = PBXBuildFile; fileRef = 21F1BCB521AFB8E9008CAFA5 /* LYRegisterController.h */; };
		21F1BCB821AFB8E9008CAFA5 /* LYRegisterController.m in Sources */ = {isa = PBXBuildFile; fileRef = 21F1BCB621AFB8E9008CAFA5 /* LYRegisterController.m */; };
		21F1BCBB21AFBA03008CAFA5 /* LYFogetPswordController.h in Headers */ = {isa = PBXBuildFile; fileRef = 21F1BCB921AFBA03008CAFA5 /* LYFogetPswordController.h */; };
		21F1BCBC21AFBA03008CAFA5 /* LYFogetPswordController.m in Sources */ = {isa = PBXBuildFile; fileRef = 21F1BCBA21AFBA03008CAFA5 /* LYFogetPswordController.m */; };
		21F1BCBF21AFBB78008CAFA5 /* LYForgetPsdView.h in Headers */ = {isa = PBXBuildFile; fileRef = 21F1BCBD21AFBB77008CAFA5 /* LYForgetPsdView.h */; };
		21F1BCC021AFBB78008CAFA5 /* LYForgetPsdView.m in Sources */ = {isa = PBXBuildFile; fileRef = 21F1BCBE21AFBB77008CAFA5 /* LYForgetPsdView.m */; };
		21F1BCC421AFC441008CAFA5 /* LYCountDownButton.m in Sources */ = {isa = PBXBuildFile; fileRef = 21F1BCC221AFC441008CAFA5 /* LYCountDownButton.m */; };
		21F1BCC521AFC441008CAFA5 /* LYCountDownButton.h in Headers */ = {isa = PBXBuildFile; fileRef = 21F1BCC321AFC441008CAFA5 /* LYCountDownButton.h */; };
		21F1BCC821AFC561008CAFA5 /* UtilityFunction.h in Headers */ = {isa = PBXBuildFile; fileRef = 21F1BCC621AFC561008CAFA5 /* UtilityFunction.h */; };
		21F1BCC921AFC561008CAFA5 /* UtilityFunction.m in Sources */ = {isa = PBXBuildFile; fileRef = 21F1BCC721AFC561008CAFA5 /* UtilityFunction.m */; };
		21F1BCCC21AFCE3D008CAFA5 /* LYRegistView.h in Headers */ = {isa = PBXBuildFile; fileRef = 21F1BCCA21AFCE3D008CAFA5 /* LYRegistView.h */; };
		21F1BCCD21AFCE3D008CAFA5 /* LYRegistView.m in Sources */ = {isa = PBXBuildFile; fileRef = 21F1BCCB21AFCE3D008CAFA5 /* LYRegistView.m */; };
/* End PBXBuildFile section */

/* Begin PBXContainerItemProxy section */
		21F168DE21AD144A00C69519 /* PBXContainerItemProxy */ = {
			isa = PBXContainerItemProxy;
			containerPortal = 21F168B021AD13BD00C69519 /* Project object */;
			proxyType = 1;
			remoteGlobalIDString = 21F168B821AD13BD00C69519;
			remoteInfo = LYouFrameWork;
		};
/* End PBXContainerItemProxy section */

/* Begin PBXFileReference section */
		2118A2A821B7CB6800D1547A /* JoDes.m */ = {isa = PBXFileReference; fileEncoding = 4; lastKnownFileType = sourcecode.c.objc; path = JoDes.m; sourceTree = "<group>"; };
		2118A2A921B7CB6800D1547A /* JoDes.h */ = {isa = PBXFileReference; fileEncoding = 4; lastKnownFileType = sourcecode.c.h; path = JoDes.h; sourceTree = "<group>"; };
		2129740621B5248D00246DCF /* LY_BindPhoneController.h */ = {isa = PBXFileReference; lastKnownFileType = sourcecode.c.h; path = LY_BindPhoneController.h; sourceTree = "<group>"; };
		2129740721B5248D00246DCF /* LY_BindPhoneController.m */ = {isa = PBXFileReference; lastKnownFileType = sourcecode.c.objc; path = LY_BindPhoneController.m; sourceTree = "<group>"; };
		21298ADF21B688C3002A7198 /* LY_OtherPayViewController.m */ = {isa = PBXFileReference; fileEncoding = 4; lastKnownFileType = sourcecode.c.objc; path = LY_OtherPayViewController.m; sourceTree = "<group>"; };
		21298AE021B688C3002A7198 /* LY_OtherPayViewController.xib */ = {isa = PBXFileReference; fileEncoding = 4; lastKnownFileType = file.xib; path = LY_OtherPayViewController.xib; sourceTree = "<group>"; };
		21298AE121B688C3002A7198 /* LY_OtherPayViewController.h */ = {isa = PBXFileReference; fileEncoding = 4; lastKnownFileType = sourcecode.c.h; path = LY_OtherPayViewController.h; sourceTree = "<group>"; };
		214C051A21B53D0300A58096 /* LY_ModifyPsdController.h */ = {isa = PBXFileReference; lastKnownFileType = sourcecode.c.h; path = LY_ModifyPsdController.h; sourceTree = "<group>"; };
		214C051B21B53D0300A58096 /* LY_ModifyPsdController.m */ = {isa = PBXFileReference; lastKnownFileType = sourcecode.c.objc; path = LY_ModifyPsdController.m; sourceTree = "<group>"; };
		216BE6B021AE6110007D3BD5 /* SVRadialGradientLayer.m */ = {isa = PBXFileReference; fileEncoding = 4; lastKnownFileType = sourcecode.c.objc; path = SVRadialGradientLayer.m; sourceTree = "<group>"; };
		216BE6B121AE6110007D3BD5 /* SVIndefiniteAnimatedView.h */ = {isa = PBXFileReference; fileEncoding = 4; lastKnownFileType = sourcecode.c.h; path = SVIndefiniteAnimatedView.h; sourceTree = "<group>"; };
		216BE6B221AE6110007D3BD5 /* SVProgressHUD.h */ = {isa = PBXFileReference; fileEncoding = 4; lastKnownFileType = sourcecode.c.h; path = SVProgressHUD.h; sourceTree = "<group>"; };
		216BE6B321AE6110007D3BD5 /* SVProgressAnimatedView.m */ = {isa = PBXFileReference; fileEncoding = 4; lastKnownFileType = sourcecode.c.objc; path = SVProgressAnimatedView.m; sourceTree = "<group>"; };
		216BE6B421AE6110007D3BD5 /* SVProgressHUD-Prefix.pch */ = {isa = PBXFileReference; fileEncoding = 4; lastKnownFileType = sourcecode.c.h; path = "SVProgressHUD-Prefix.pch"; sourceTree = "<group>"; };
		216BE6B521AE6110007D3BD5 /* SVRadialGradientLayer.h */ = {isa = PBXFileReference; fileEncoding = 4; lastKnownFileType = sourcecode.c.h; path = SVRadialGradientLayer.h; sourceTree = "<group>"; };
		216BE6B621AE6110007D3BD5 /* SVProgressHUD.m */ = {isa = PBXFileReference; fileEncoding = 4; lastKnownFileType = sourcecode.c.objc; path = SVProgressHUD.m; sourceTree = "<group>"; };
		216BE6B721AE6110007D3BD5 /* SVIndefiniteAnimatedView.m */ = {isa = PBXFileReference; fileEncoding = 4; lastKnownFileType = sourcecode.c.objc; path = SVIndefiniteAnimatedView.m; sourceTree = "<group>"; };
		216BE6B821AE6110007D3BD5 /* SVProgressAnimatedView.h */ = {isa = PBXFileReference; fileEncoding = 4; lastKnownFileType = sourcecode.c.h; path = SVProgressAnimatedView.h; sourceTree = "<group>"; };
		216BE6C321AE6327007D3BD5 /* LYouAppPayController.h */ = {isa = PBXFileReference; lastKnownFileType = sourcecode.c.h; path = LYouAppPayController.h; sourceTree = "<group>"; };
		216BE6C421AE6327007D3BD5 /* LYouAppPayController.m */ = {isa = PBXFileReference; lastKnownFileType = sourcecode.c.objc; path = LYouAppPayController.m; sourceTree = "<group>"; };
		217E777821B4C73400B7930A /* LYouOtherPayController.h */ = {isa = PBXFileReference; lastKnownFileType = sourcecode.c.h; path = LYouOtherPayController.h; sourceTree = "<group>"; };
		217E777921B4C73400B7930A /* LYouOtherPayController.m */ = {isa = PBXFileReference; lastKnownFileType = sourcecode.c.objc; path = LYouOtherPayController.m; sourceTree = "<group>"; };
		217E777C21B4CB0100B7930A /* LYouNetWorkManager.h */ = {isa = PBXFileReference; lastKnownFileType = sourcecode.c.h; path = LYouNetWorkManager.h; sourceTree = "<group>"; };
		217E777D21B4CB0100B7930A /* LYouNetWorkManager.m */ = {isa = PBXFileReference; lastKnownFileType = sourcecode.c.objc; path = LYouNetWorkManager.m; sourceTree = "<group>"; };
		217E778D21B50AC700B7930A /* LYUserCenterManager.h */ = {isa = PBXFileReference; lastKnownFileType = sourcecode.c.h; path = LYUserCenterManager.h; sourceTree = "<group>"; };
		217E778E21B50AC700B7930A /* LYUserCenterManager.m */ = {isa = PBXFileReference; lastKnownFileType = sourcecode.c.objc; path = LYUserCenterManager.m; sourceTree = "<group>"; };
		217E779121B50BF300B7930A /* LY_UserViewController.h */ = {isa = PBXFileReference; lastKnownFileType = sourcecode.c.h; path = LY_UserViewController.h; sourceTree = "<group>"; };
		217E779221B50BF300B7930A /* LY_UserViewController.m */ = {isa = PBXFileReference; lastKnownFileType = sourcecode.c.objc; path = LY_UserViewController.m; sourceTree = "<group>"; };
		21F168B921AD13BD00C69519 /* LYouFrameWork.framework */ = {isa = PBXFileReference; explicitFileType = wrapper.framework; includeInIndex = 0; path = LYouFrameWork.framework; sourceTree = BUILT_PRODUCTS_DIR; };
		21F168BD21AD13BE00C69519 /* Info.plist */ = {isa = PBXFileReference; lastKnownFileType = text.plist.xml; path = Info.plist; sourceTree = "<group>"; };
		21F168C821AD140F00C69519 /* LYouFrameWorkApp.app */ = {isa = PBXFileReference; explicitFileType = wrapper.application; includeInIndex = 0; path = LYouFrameWorkApp.app; sourceTree = BUILT_PRODUCTS_DIR; };
		21F168CA21AD140F00C69519 /* AppDelegate.h */ = {isa = PBXFileReference; lastKnownFileType = sourcecode.c.h; path = AppDelegate.h; sourceTree = "<group>"; };
		21F168CB21AD140F00C69519 /* AppDelegate.m */ = {isa = PBXFileReference; lastKnownFileType = sourcecode.c.objc; path = AppDelegate.m; sourceTree = "<group>"; };
		21F168CD21AD140F00C69519 /* ViewController.h */ = {isa = PBXFileReference; lastKnownFileType = sourcecode.c.h; path = ViewController.h; sourceTree = "<group>"; };
		21F168CE21AD140F00C69519 /* ViewController.m */ = {isa = PBXFileReference; lastKnownFileType = sourcecode.c.objc; path = ViewController.m; sourceTree = "<group>"; };
		21F168D121AD140F00C69519 /* Base */ = {isa = PBXFileReference; lastKnownFileType = file.storyboard; name = Base; path = Base.lproj/Main.storyboard; sourceTree = "<group>"; };
		21F168D321AD141000C69519 /* Assets.xcassets */ = {isa = PBXFileReference; lastKnownFileType = folder.assetcatalog; path = Assets.xcassets; sourceTree = "<group>"; };
		21F168D621AD141000C69519 /* Base */ = {isa = PBXFileReference; lastKnownFileType = file.storyboard; name = Base; path = Base.lproj/LaunchScreen.storyboard; sourceTree = "<group>"; };
		21F168D821AD141000C69519 /* Info.plist */ = {isa = PBXFileReference; lastKnownFileType = text.plist.xml; path = Info.plist; sourceTree = "<group>"; };
		21F168D921AD141000C69519 /* main.m */ = {isa = PBXFileReference; lastKnownFileType = sourcecode.c.objc; path = main.m; sourceTree = "<group>"; };
		21F168E221AD149100C69519 /* LYouManager.h */ = {isa = PBXFileReference; lastKnownFileType = sourcecode.c.h; path = LYouManager.h; sourceTree = "<group>"; };
		21F168E321AD149100C69519 /* LYouManager.m */ = {isa = PBXFileReference; lastKnownFileType = sourcecode.c.objc; path = LYouManager.m; sourceTree = "<group>"; };
		21F168E821AD18D000C69519 /* LYouNetClient.h */ = {isa = PBXFileReference; lastKnownFileType = sourcecode.c.h; path = LYouNetClient.h; sourceTree = "<group>"; };
		21F168E921AD18D000C69519 /* LYouNetClient.m */ = {isa = PBXFileReference; lastKnownFileType = sourcecode.c.objc; path = LYouNetClient.m; sourceTree = "<group>"; };
		21F168EE21AD1EA000C69519 /* LYouMD5Tool.h */ = {isa = PBXFileReference; lastKnownFileType = sourcecode.c.h; path = LYouMD5Tool.h; sourceTree = "<group>"; };
		21F168EF21AD1EA000C69519 /* LYouMD5Tool.m */ = {isa = PBXFileReference; lastKnownFileType = sourcecode.c.objc; path = LYouMD5Tool.m; sourceTree = "<group>"; };
		21F168F321AD200200C69519 /* UIView+SDAutoLayout.m */ = {isa = PBXFileReference; fileEncoding = 4; lastKnownFileType = sourcecode.c.objc; path = "UIView+SDAutoLayout.m"; sourceTree = "<group>"; };
		21F168F421AD200200C69519 /* UITableView+SDAutoTableViewCellHeight.h */ = {isa = PBXFileReference; fileEncoding = 4; lastKnownFileType = sourcecode.c.h; path = "UITableView+SDAutoTableViewCellHeight.h"; sourceTree = "<group>"; };
		21F168F521AD200200C69519 /* SDAutoLayout.h */ = {isa = PBXFileReference; fileEncoding = 4; lastKnownFileType = sourcecode.c.h; path = SDAutoLayout.h; sourceTree = "<group>"; };
		21F168F621AD200200C69519 /* UITableView+SDAutoTableViewCellHeight.m */ = {isa = PBXFileReference; fileEncoding = 4; lastKnownFileType = sourcecode.c.objc; path = "UITableView+SDAutoTableViewCellHeight.m"; sourceTree = "<group>"; };
		21F168F721AD200200C69519 /* UIView+SDAutoLayout.h */ = {isa = PBXFileReference; fileEncoding = 4; lastKnownFileType = sourcecode.c.h; path = "UIView+SDAutoLayout.h"; sourceTree = "<group>"; };
		21F1693221AD22C500C69519 /* LYouPrefixHeader.pch */ = {isa = PBXFileReference; lastKnownFileType = sourcecode.c.h; path = LYouPrefixHeader.pch; sourceTree = "<group>"; };
		21F1693621AD244400C69519 /* LYouMacro.h */ = {isa = PBXFileReference; lastKnownFileType = sourcecode.c.h; path = LYouMacro.h; sourceTree = "<group>"; };
		21F1693921AD269C00C69519 /* LYouUserDefauleManager.h */ = {isa = PBXFileReference; lastKnownFileType = sourcecode.c.h; path = LYouUserDefauleManager.h; sourceTree = "<group>"; };
		21F1693A21AD269C00C69519 /* LYouUserDefauleManager.m */ = {isa = PBXFileReference; lastKnownFileType = sourcecode.c.objc; path = LYouUserDefauleManager.m; sourceTree = "<group>"; };
		21F1693D21AD270200C69519 /* LYouUserMacro.h */ = {isa = PBXFileReference; lastKnownFileType = sourcecode.c.h; path = LYouUserMacro.h; sourceTree = "<group>"; };
		21F1695421AD2C4800C69519 /* LYouLoginController.h */ = {isa = PBXFileReference; fileEncoding = 4; lastKnownFileType = sourcecode.c.h; path = LYouLoginController.h; sourceTree = "<group>"; };
		21F1695521AD2C4800C69519 /* LYouLoginController.m */ = {isa = PBXFileReference; fileEncoding = 4; lastKnownFileType = sourcecode.c.objc; path = LYouLoginController.m; sourceTree = "<group>"; };
		21F1695A21AD2D8C00C69519 /* LYouTopViewManager.h */ = {isa = PBXFileReference; lastKnownFileType = sourcecode.c.h; path = LYouTopViewManager.h; sourceTree = "<group>"; };
		21F1695B21AD2D8C00C69519 /* LYouTopViewManager.m */ = {isa = PBXFileReference; lastKnownFileType = sourcecode.c.objc; path = LYouTopViewManager.m; sourceTree = "<group>"; };
		21F1699121AD509700C69519 /* images.bundle */ = {isa = PBXFileReference; lastKnownFileType = "wrapper.plug-in"; path = images.bundle; sourceTree = "<group>"; };
		21F1BC2121AE84F2008CAFA5 /* LYLoginView.h */ = {isa = PBXFileReference; lastKnownFileType = sourcecode.c.h; path = LYLoginView.h; sourceTree = "<group>"; };
		21F1BC2221AE84F2008CAFA5 /* LYLoginView.m */ = {isa = PBXFileReference; lastKnownFileType = sourcecode.c.objc; path = LYLoginView.m; sourceTree = "<group>"; };
		21F1BC6021AEA4DC008CAFA5 /* UIView+FTCornerdious.h */ = {isa = PBXFileReference; fileEncoding = 4; lastKnownFileType = sourcecode.c.h; path = "UIView+FTCornerdious.h"; sourceTree = "<group>"; };
		21F1BC6121AEA4DD008CAFA5 /* UIView+FTCornerdious.m */ = {isa = PBXFileReference; fileEncoding = 4; lastKnownFileType = sourcecode.c.objc; path = "UIView+FTCornerdious.m"; sourceTree = "<group>"; };
		21F1BC6421AF81C2008CAFA5 /* LYouAcountLoginController.h */ = {isa = PBXFileReference; lastKnownFileType = sourcecode.c.h; path = LYouAcountLoginController.h; sourceTree = "<group>"; };
		21F1BC6521AF81C2008CAFA5 /* LYouAcountLoginController.m */ = {isa = PBXFileReference; lastKnownFileType = sourcecode.c.objc; path = LYouAcountLoginController.m; sourceTree = "<group>"; };
		21F1BC6821AF81F4008CAFA5 /* LYAccountLoginView.h */ = {isa = PBXFileReference; lastKnownFileType = sourcecode.c.h; path = LYAccountLoginView.h; sourceTree = "<group>"; };
		21F1BC6921AF81F4008CAFA5 /* LYAccountLoginView.m */ = {isa = PBXFileReference; lastKnownFileType = sourcecode.c.objc; path = LYAccountLoginView.m; sourceTree = "<group>"; };
		21F1BC6D21AF895B008CAFA5 /* LICENSE.md */ = {isa = PBXFileReference; fileEncoding = 4; lastKnownFileType = net.daringfireball.markdown; path = LICENSE.md; sourceTree = "<group>"; };
		21F1BC6E21AF895B008CAFA5 /* README.md */ = {isa = PBXFileReference; fileEncoding = 4; lastKnownFileType = net.daringfireball.markdown; path = README.md; sourceTree = "<group>"; };
		21F1BC7121AF895B008CAFA5 /* IQTextView.m */ = {isa = PBXFileReference; fileEncoding = 4; lastKnownFileType = sourcecode.c.objc; path = IQTextView.m; sourceTree = "<group>"; };
		21F1BC7221AF895B008CAFA5 /* IQTextView.h */ = {isa = PBXFileReference; fileEncoding = 4; lastKnownFileType = sourcecode.c.h; path = IQTextView.h; sourceTree = "<group>"; };
		21F1BC7421AF895B008CAFA5 /* IQUIView+IQKeyboardToolbar.h */ = {isa = PBXFileReference; fileEncoding = 4; lastKnownFileType = sourcecode.c.h; path = "IQUIView+IQKeyboardToolbar.h"; sourceTree = "<group>"; };
		21F1BC7521AF895B008CAFA5 /* IQToolbar.m */ = {isa = PBXFileReference; fileEncoding = 4; lastKnownFileType = sourcecode.c.objc; path = IQToolbar.m; sourceTree = "<group>"; };
		21F1BC7621AF895B008CAFA5 /* IQPreviousNextView.h */ = {isa = PBXFileReference; fileEncoding = 4; lastKnownFileType = sourcecode.c.h; path = IQPreviousNextView.h; sourceTree = "<group>"; };
		21F1BC7721AF895B008CAFA5 /* IQTitleBarButtonItem.m */ = {isa = PBXFileReference; fileEncoding = 4; lastKnownFileType = sourcecode.c.objc; path = IQTitleBarButtonItem.m; sourceTree = "<group>"; };
		21F1BC7821AF895B008CAFA5 /* IQBarButtonItem.m */ = {isa = PBXFileReference; fileEncoding = 4; lastKnownFileType = sourcecode.c.objc; path = IQBarButtonItem.m; sourceTree = "<group>"; };
		21F1BC7921AF895B008CAFA5 /* IQUIView+IQKeyboardToolbar.m */ = {isa = PBXFileReference; fileEncoding = 4; lastKnownFileType = sourcecode.c.objc; path = "IQUIView+IQKeyboardToolbar.m"; sourceTree = "<group>"; };
		21F1BC7A21AF895B008CAFA5 /* IQPreviousNextView.m */ = {isa = PBXFileReference; fileEncoding = 4; lastKnownFileType = sourcecode.c.objc; path = IQPreviousNextView.m; sourceTree = "<group>"; };
		21F1BC7B21AF895B008CAFA5 /* IQToolbar.h */ = {isa = PBXFileReference; fileEncoding = 4; lastKnownFileType = sourcecode.c.h; path = IQToolbar.h; sourceTree = "<group>"; };
		21F1BC7C21AF895B008CAFA5 /* IQBarButtonItem.h */ = {isa = PBXFileReference; fileEncoding = 4; lastKnownFileType = sourcecode.c.h; path = IQBarButtonItem.h; sourceTree = "<group>"; };
		21F1BC7D21AF895B008CAFA5 /* IQTitleBarButtonItem.h */ = {isa = PBXFileReference; fileEncoding = 4; lastKnownFileType = sourcecode.c.h; path = IQTitleBarButtonItem.h; sourceTree = "<group>"; };
		21F1BC7F21AF895B008CAFA5 /* IQKeyboardManagerConstantsInternal.h */ = {isa = PBXFileReference; fileEncoding = 4; lastKnownFileType = sourcecode.c.h; path = IQKeyboardManagerConstantsInternal.h; sourceTree = "<group>"; };
		21F1BC8021AF895B008CAFA5 /* IQKeyboardManagerConstants.h */ = {isa = PBXFileReference; fileEncoding = 4; lastKnownFileType = sourcecode.c.h; path = IQKeyboardManagerConstants.h; sourceTree = "<group>"; };
		21F1BC8221AF895B008CAFA5 /* IQKeyboardManager.bundle */ = {isa = PBXFileReference; lastKnownFileType = "wrapper.plug-in"; path = IQKeyboardManager.bundle; sourceTree = "<group>"; };
		21F1BC8321AF895B008CAFA5 /* IQKeyboardReturnKeyHandler.h */ = {isa = PBXFileReference; fileEncoding = 4; lastKnownFileType = sourcecode.c.h; path = IQKeyboardReturnKeyHandler.h; sourceTree = "<group>"; };
		21F1BC8421AF895B008CAFA5 /* IQKeyboardManager.h */ = {isa = PBXFileReference; fileEncoding = 4; lastKnownFileType = sourcecode.c.h; path = IQKeyboardManager.h; sourceTree = "<group>"; };
		21F1BC8521AF895B008CAFA5 /* IQKeyboardManager.m */ = {isa = PBXFileReference; fileEncoding = 4; lastKnownFileType = sourcecode.c.objc; path = IQKeyboardManager.m; sourceTree = "<group>"; };
		21F1BC8721AF895B008CAFA5 /* IQNSArray+Sort.m */ = {isa = PBXFileReference; fileEncoding = 4; lastKnownFileType = sourcecode.c.objc; path = "IQNSArray+Sort.m"; sourceTree = "<group>"; };
		21F1BC8821AF895B008CAFA5 /* IQUIWindow+Hierarchy.m */ = {isa = PBXFileReference; fileEncoding = 4; lastKnownFileType = sourcecode.c.objc; path = "IQUIWindow+Hierarchy.m"; sourceTree = "<group>"; };
		21F1BC8921AF895B008CAFA5 /* IQUIViewController+Additions.h */ = {isa = PBXFileReference; fileEncoding = 4; lastKnownFileType = sourcecode.c.h; path = "IQUIViewController+Additions.h"; sourceTree = "<group>"; };
		21F1BC8A21AF895B008CAFA5 /* IQUITextFieldView+Additions.m */ = {isa = PBXFileReference; fileEncoding = 4; lastKnownFileType = sourcecode.c.objc; path = "IQUITextFieldView+Additions.m"; sourceTree = "<group>"; };
		21F1BC8B21AF895B008CAFA5 /* IQUIScrollView+Additions.m */ = {isa = PBXFileReference; fileEncoding = 4; lastKnownFileType = sourcecode.c.objc; path = "IQUIScrollView+Additions.m"; sourceTree = "<group>"; };
		21F1BC8C21AF895B008CAFA5 /* IQUIView+Hierarchy.m */ = {isa = PBXFileReference; fileEncoding = 4; lastKnownFileType = sourcecode.c.objc; path = "IQUIView+Hierarchy.m"; sourceTree = "<group>"; };
		21F1BC8D21AF895B008CAFA5 /* IQUIWindow+Hierarchy.h */ = {isa = PBXFileReference; fileEncoding = 4; lastKnownFileType = sourcecode.c.h; path = "IQUIWindow+Hierarchy.h"; sourceTree = "<group>"; };
		21F1BC8E21AF895B008CAFA5 /* IQNSArray+Sort.h */ = {isa = PBXFileReference; fileEncoding = 4; lastKnownFileType = sourcecode.c.h; path = "IQNSArray+Sort.h"; sourceTree = "<group>"; };
		21F1BC8F21AF895B008CAFA5 /* IQUIScrollView+Additions.h */ = {isa = PBXFileReference; fileEncoding = 4; lastKnownFileType = sourcecode.c.h; path = "IQUIScrollView+Additions.h"; sourceTree = "<group>"; };
		21F1BC9021AF895B008CAFA5 /* IQUITextFieldView+Additions.h */ = {isa = PBXFileReference; fileEncoding = 4; lastKnownFileType = sourcecode.c.h; path = "IQUITextFieldView+Additions.h"; sourceTree = "<group>"; };
		21F1BC9121AF895B008CAFA5 /* IQUIViewController+Additions.m */ = {isa = PBXFileReference; fileEncoding = 4; lastKnownFileType = sourcecode.c.objc; path = "IQUIViewController+Additions.m"; sourceTree = "<group>"; };
		21F1BC9221AF895B008CAFA5 /* IQUIView+Hierarchy.h */ = {isa = PBXFileReference; fileEncoding = 4; lastKnownFileType = sourcecode.c.h; path = "IQUIView+Hierarchy.h"; sourceTree = "<group>"; };
		21F1BC9321AF895B008CAFA5 /* IQKeyboardReturnKeyHandler.m */ = {isa = PBXFileReference; fileEncoding = 4; lastKnownFileType = sourcecode.c.objc; path = IQKeyboardReturnKeyHandler.m; sourceTree = "<group>"; };
		21F1BCB521AFB8E9008CAFA5 /* LYRegisterController.h */ = {isa = PBXFileReference; lastKnownFileType = sourcecode.c.h; path = LYRegisterController.h; sourceTree = "<group>"; };
		21F1BCB621AFB8E9008CAFA5 /* LYRegisterController.m */ = {isa = PBXFileReference; lastKnownFileType = sourcecode.c.objc; path = LYRegisterController.m; sourceTree = "<group>"; };
		21F1BCB921AFBA03008CAFA5 /* LYFogetPswordController.h */ = {isa = PBXFileReference; lastKnownFileType = sourcecode.c.h; path = LYFogetPswordController.h; sourceTree = "<group>"; };
		21F1BCBA21AFBA03008CAFA5 /* LYFogetPswordController.m */ = {isa = PBXFileReference; lastKnownFileType = sourcecode.c.objc; path = LYFogetPswordController.m; sourceTree = "<group>"; };
		21F1BCBD21AFBB77008CAFA5 /* LYForgetPsdView.h */ = {isa = PBXFileReference; lastKnownFileType = sourcecode.c.h; path = LYForgetPsdView.h; sourceTree = "<group>"; };
		21F1BCBE21AFBB77008CAFA5 /* LYForgetPsdView.m */ = {isa = PBXFileReference; lastKnownFileType = sourcecode.c.objc; path = LYForgetPsdView.m; sourceTree = "<group>"; };
		21F1BCC221AFC441008CAFA5 /* LYCountDownButton.m */ = {isa = PBXFileReference; fileEncoding = 4; lastKnownFileType = sourcecode.c.objc; path = LYCountDownButton.m; sourceTree = "<group>"; };
		21F1BCC321AFC441008CAFA5 /* LYCountDownButton.h */ = {isa = PBXFileReference; fileEncoding = 4; lastKnownFileType = sourcecode.c.h; path = LYCountDownButton.h; sourceTree = "<group>"; };
		21F1BCC621AFC561008CAFA5 /* UtilityFunction.h */ = {isa = PBXFileReference; fileEncoding = 4; lastKnownFileType = sourcecode.c.h; path = UtilityFunction.h; sourceTree = "<group>"; };
		21F1BCC721AFC561008CAFA5 /* UtilityFunction.m */ = {isa = PBXFileReference; fileEncoding = 4; lastKnownFileType = sourcecode.c.objc; path = UtilityFunction.m; sourceTree = "<group>"; };
		21F1BCCA21AFCE3D008CAFA5 /* LYRegistView.h */ = {isa = PBXFileReference; lastKnownFileType = sourcecode.c.h; path = LYRegistView.h; sourceTree = "<group>"; };
		21F1BCCB21AFCE3D008CAFA5 /* LYRegistView.m */ = {isa = PBXFileReference; lastKnownFileType = sourcecode.c.objc; path = LYRegistView.m; sourceTree = "<group>"; };
/* End PBXFileReference section */

/* Begin PBXFrameworksBuildPhase section */
		21F168B621AD13BD00C69519 /* Frameworks */ = {
			isa = PBXFrameworksBuildPhase;
			buildActionMask = 2147483647;
			files = (
			);
			runOnlyForDeploymentPostprocessing = 0;
		};
		21F168C521AD140F00C69519 /* Frameworks */ = {
			isa = PBXFrameworksBuildPhase;
			buildActionMask = 2147483647;
			files = (
				21F168E121AD145000C69519 /* LYouFrameWork.framework in Frameworks */,
			);
			runOnlyForDeploymentPostprocessing = 0;
		};
/* End PBXFrameworksBuildPhase section */

/* Begin PBXGroup section */
		216BE6AF21AE6110007D3BD5 /* SVProgressHUD */ = {
			isa = PBXGroup;
			children = (
				216BE6B021AE6110007D3BD5 /* SVRadialGradientLayer.m */,
				216BE6B121AE6110007D3BD5 /* SVIndefiniteAnimatedView.h */,
				216BE6B221AE6110007D3BD5 /* SVProgressHUD.h */,
				216BE6B321AE6110007D3BD5 /* SVProgressAnimatedView.m */,
				216BE6B421AE6110007D3BD5 /* SVProgressHUD-Prefix.pch */,
				216BE6B521AE6110007D3BD5 /* SVRadialGradientLayer.h */,
				216BE6B621AE6110007D3BD5 /* SVProgressHUD.m */,
				216BE6B721AE6110007D3BD5 /* SVIndefiniteAnimatedView.m */,
				216BE6B821AE6110007D3BD5 /* SVProgressAnimatedView.h */,
			);
			path = SVProgressHUD;
			sourceTree = "<group>";
		};
		216BE6C221AE624B007D3BD5 /* LYouAppPayController */ = {
			isa = PBXGroup;
			children = (
				216BE6C321AE6327007D3BD5 /* LYouAppPayController.h */,
				216BE6C421AE6327007D3BD5 /* LYouAppPayController.m */,
				217E777821B4C73400B7930A /* LYouOtherPayController.h */,
				217E777921B4C73400B7930A /* LYouOtherPayController.m */,
				21298AE121B688C3002A7198 /* LY_OtherPayViewController.h */,
				21298ADF21B688C3002A7198 /* LY_OtherPayViewController.m */,
				21298AE021B688C3002A7198 /* LY_OtherPayViewController.xib */,
			);
			name = LYouAppPayController;
			path = LYouFrameWork/LYouAppPayController;
			sourceTree = SOURCE_ROOT;
		};
		217E778C21B50AA000B7930A /* LYouUserCenterController */ = {
			isa = PBXGroup;
			children = (
				217E778D21B50AC700B7930A /* LYUserCenterManager.h */,
				217E778E21B50AC700B7930A /* LYUserCenterManager.m */,
				217E779121B50BF300B7930A /* LY_UserViewController.h */,
				217E779221B50BF300B7930A /* LY_UserViewController.m */,
				2129740621B5248D00246DCF /* LY_BindPhoneController.h */,
				2129740721B5248D00246DCF /* LY_BindPhoneController.m */,
				214C051A21B53D0300A58096 /* LY_ModifyPsdController.h */,
				214C051B21B53D0300A58096 /* LY_ModifyPsdController.m */,
			);
			path = LYouUserCenterController;
			sourceTree = "<group>";
		};
		21F168AF21AD13BD00C69519 = {
			isa = PBXGroup;
			children = (
				21F168BB21AD13BD00C69519 /* LYouFrameWork */,
				21F168C921AD140F00C69519 /* LYouFrameWorkApp */,
				21F168BA21AD13BD00C69519 /* Products */,
				21F168E021AD145000C69519 /* Frameworks */,
			);
			sourceTree = "<group>";
		};
		21F168BA21AD13BD00C69519 /* Products */ = {
			isa = PBXGroup;
			children = (
				21F168B921AD13BD00C69519 /* LYouFrameWork.framework */,
				21F168C821AD140F00C69519 /* LYouFrameWorkApp.app */,
			);
			name = Products;
			sourceTree = "<group>";
		};
		21F168BB21AD13BD00C69519 /* LYouFrameWork */ = {
			isa = PBXGroup;
			children = (
				21F1699121AD509700C69519 /* images.bundle */,
				21F1695221AD2C4800C69519 /* LYouControllers */,
				21F1693421AD241F00C69519 /* LYouMacro */,
				21F168EC21AD1E7900C69519 /* LYouTools */,
				21F168E721AD18BC00C69519 /* LYouRequest */,
				21F168E221AD149100C69519 /* LYouManager.h */,
				21F168E321AD149100C69519 /* LYouManager.m */,
				21F168BD21AD13BE00C69519 /* Info.plist */,
				21F1693221AD22C500C69519 /* LYouPrefixHeader.pch */,
			);
			path = LYouFrameWork;
			sourceTree = "<group>";
		};
		21F168C921AD140F00C69519 /* LYouFrameWorkApp */ = {
			isa = PBXGroup;
			children = (
				21F168CA21AD140F00C69519 /* AppDelegate.h */,
				21F168CB21AD140F00C69519 /* AppDelegate.m */,
				21F168CD21AD140F00C69519 /* ViewController.h */,
				21F168CE21AD140F00C69519 /* ViewController.m */,
				21F168D021AD140F00C69519 /* Main.storyboard */,
				21F168D321AD141000C69519 /* Assets.xcassets */,
				21F168D521AD141000C69519 /* LaunchScreen.storyboard */,
				21F168D821AD141000C69519 /* Info.plist */,
				21F168D921AD141000C69519 /* main.m */,
			);
			path = LYouFrameWorkApp;
			sourceTree = "<group>";
		};
		21F168E021AD145000C69519 /* Frameworks */ = {
			isa = PBXGroup;
			children = (
			);
			name = Frameworks;
			sourceTree = "<group>";
		};
		21F168E721AD18BC00C69519 /* LYouRequest */ = {
			isa = PBXGroup;
			children = (
				21F168E821AD18D000C69519 /* LYouNetClient.h */,
				21F168E921AD18D000C69519 /* LYouNetClient.m */,
				217E777C21B4CB0100B7930A /* LYouNetWorkManager.h */,
				217E777D21B4CB0100B7930A /* LYouNetWorkManager.m */,
			);
			path = LYouRequest;
			sourceTree = "<group>";
		};
		21F168EC21AD1E7900C69519 /* LYouTools */ = {
			isa = PBXGroup;
			children = (
				21F1BCC121AFC441008CAFA5 /* LYCountDownButton */,
				21F1BC6C21AF895B008CAFA5 /* IQKeyboardManager */,
				216BE6AF21AE6110007D3BD5 /* SVProgressHUD */,
				21F1695921AD2D7F00C69519 /* LYouTopViewManager */,
				21F1693821AD264E00C69519 /* LYouUserDefauleManager */,
				21F168F221AD200200C69519 /* SDAutoLayout */,
				21F168ED21AD1E9400C69519 /* LYouMD5Tool */,
			);
			path = LYouTools;
			sourceTree = "<group>";
		};
		21F168ED21AD1E9400C69519 /* LYouMD5Tool */ = {
			isa = PBXGroup;
			children = (
				21F168EE21AD1EA000C69519 /* LYouMD5Tool.h */,
				21F168EF21AD1EA000C69519 /* LYouMD5Tool.m */,
				2118A2A921B7CB6800D1547A /* JoDes.h */,
				2118A2A821B7CB6800D1547A /* JoDes.m */,
			);
			path = LYouMD5Tool;
			sourceTree = "<group>";
		};
		21F168F221AD200200C69519 /* SDAutoLayout */ = {
			isa = PBXGroup;
			children = (
				21F168F321AD200200C69519 /* UIView+SDAutoLayout.m */,
				21F168F421AD200200C69519 /* UITableView+SDAutoTableViewCellHeight.h */,
				21F168F521AD200200C69519 /* SDAutoLayout.h */,
				21F168F621AD200200C69519 /* UITableView+SDAutoTableViewCellHeight.m */,
				21F168F721AD200200C69519 /* UIView+SDAutoLayout.h */,
				21F1BC6021AEA4DC008CAFA5 /* UIView+FTCornerdious.h */,
				21F1BC6121AEA4DD008CAFA5 /* UIView+FTCornerdious.m */,
			);
			path = SDAutoLayout;
			sourceTree = "<group>";
		};
		21F1693421AD241F00C69519 /* LYouMacro */ = {
			isa = PBXGroup;
			children = (
				21F1693621AD244400C69519 /* LYouMacro.h */,
				21F1693D21AD270200C69519 /* LYouUserMacro.h */,
				21F1BCC621AFC561008CAFA5 /* UtilityFunction.h */,
				21F1BCC721AFC561008CAFA5 /* UtilityFunction.m */,
			);
			path = LYouMacro;
			sourceTree = "<group>";
		};
		21F1693821AD264E00C69519 /* LYouUserDefauleManager */ = {
			isa = PBXGroup;
			children = (
				21F1693921AD269C00C69519 /* LYouUserDefauleManager.h */,
				21F1693A21AD269C00C69519 /* LYouUserDefauleManager.m */,
			);
			path = LYouUserDefauleManager;
			sourceTree = "<group>";
		};
		21F1695221AD2C4800C69519 /* LYouControllers */ = {
			isa = PBXGroup;
			children = (
				21F1695321AD2C4800C69519 /* LYouLoginController */,
				216BE6C221AE624B007D3BD5 /* LYouAppPayController */,
				217E778C21B50AA000B7930A /* LYouUserCenterController */,
			);
			path = LYouControllers;
			sourceTree = "<group>";
		};
		21F1695321AD2C4800C69519 /* LYouLoginController */ = {
			isa = PBXGroup;
			children = (
				21F1BC2021AE84A4008CAFA5 /* Views */,
				21F1695421AD2C4800C69519 /* LYouLoginController.h */,
				21F1695521AD2C4800C69519 /* LYouLoginController.m */,
				21F1BC6421AF81C2008CAFA5 /* LYouAcountLoginController.h */,
				21F1BC6521AF81C2008CAFA5 /* LYouAcountLoginController.m */,
				21F1BCB521AFB8E9008CAFA5 /* LYRegisterController.h */,
				21F1BCB621AFB8E9008CAFA5 /* LYRegisterController.m */,
				21F1BCB921AFBA03008CAFA5 /* LYFogetPswordController.h */,
				21F1BCBA21AFBA03008CAFA5 /* LYFogetPswordController.m */,
			);
			path = LYouLoginController;
			sourceTree = "<group>";
		};
		21F1695921AD2D7F00C69519 /* LYouTopViewManager */ = {
			isa = PBXGroup;
			children = (
				21F1695A21AD2D8C00C69519 /* LYouTopViewManager.h */,
				21F1695B21AD2D8C00C69519 /* LYouTopViewManager.m */,
			);
			path = LYouTopViewManager;
			sourceTree = "<group>";
		};
		21F1BC2021AE84A4008CAFA5 /* Views */ = {
			isa = PBXGroup;
			children = (
				21F1BC2121AE84F2008CAFA5 /* LYLoginView.h */,
				21F1BC2221AE84F2008CAFA5 /* LYLoginView.m */,
				21F1BC6821AF81F4008CAFA5 /* LYAccountLoginView.h */,
				21F1BC6921AF81F4008CAFA5 /* LYAccountLoginView.m */,
				21F1BCBD21AFBB77008CAFA5 /* LYForgetPsdView.h */,
				21F1BCBE21AFBB77008CAFA5 /* LYForgetPsdView.m */,
				21F1BCCA21AFCE3D008CAFA5 /* LYRegistView.h */,
				21F1BCCB21AFCE3D008CAFA5 /* LYRegistView.m */,
			);
			path = Views;
			sourceTree = "<group>";
		};
		21F1BC6C21AF895B008CAFA5 /* IQKeyboardManager */ = {
			isa = PBXGroup;
			children = (
				21F1BC6D21AF895B008CAFA5 /* LICENSE.md */,
				21F1BC6E21AF895B008CAFA5 /* README.md */,
				21F1BC6F21AF895B008CAFA5 /* IQKeyboardManager */,
			);
			path = IQKeyboardManager;
			sourceTree = "<group>";
		};
		21F1BC6F21AF895B008CAFA5 /* IQKeyboardManager */ = {
			isa = PBXGroup;
			children = (
				21F1BC7021AF895B008CAFA5 /* IQTextView */,
				21F1BC7321AF895B008CAFA5 /* IQToolbar */,
				21F1BC7E21AF895B008CAFA5 /* Constants */,
				21F1BC8121AF895B008CAFA5 /* Resources */,
				21F1BC8321AF895B008CAFA5 /* IQKeyboardReturnKeyHandler.h */,
				21F1BC8421AF895B008CAFA5 /* IQKeyboardManager.h */,
				21F1BC8521AF895B008CAFA5 /* IQKeyboardManager.m */,
				21F1BC8621AF895B008CAFA5 /* Categories */,
				21F1BC9321AF895B008CAFA5 /* IQKeyboardReturnKeyHandler.m */,
			);
			path = IQKeyboardManager;
			sourceTree = "<group>";
		};
		21F1BC7021AF895B008CAFA5 /* IQTextView */ = {
			isa = PBXGroup;
			children = (
				21F1BC7121AF895B008CAFA5 /* IQTextView.m */,
				21F1BC7221AF895B008CAFA5 /* IQTextView.h */,
			);
			path = IQTextView;
			sourceTree = "<group>";
		};
		21F1BC7321AF895B008CAFA5 /* IQToolbar */ = {
			isa = PBXGroup;
			children = (
				21F1BC7421AF895B008CAFA5 /* IQUIView+IQKeyboardToolbar.h */,
				21F1BC7521AF895B008CAFA5 /* IQToolbar.m */,
				21F1BC7621AF895B008CAFA5 /* IQPreviousNextView.h */,
				21F1BC7721AF895B008CAFA5 /* IQTitleBarButtonItem.m */,
				21F1BC7821AF895B008CAFA5 /* IQBarButtonItem.m */,
				21F1BC7921AF895B008CAFA5 /* IQUIView+IQKeyboardToolbar.m */,
				21F1BC7A21AF895B008CAFA5 /* IQPreviousNextView.m */,
				21F1BC7B21AF895B008CAFA5 /* IQToolbar.h */,
				21F1BC7C21AF895B008CAFA5 /* IQBarButtonItem.h */,
				21F1BC7D21AF895B008CAFA5 /* IQTitleBarButtonItem.h */,
			);
			path = IQToolbar;
			sourceTree = "<group>";
		};
		21F1BC7E21AF895B008CAFA5 /* Constants */ = {
			isa = PBXGroup;
			children = (
				21F1BC7F21AF895B008CAFA5 /* IQKeyboardManagerConstantsInternal.h */,
				21F1BC8021AF895B008CAFA5 /* IQKeyboardManagerConstants.h */,
			);
			path = Constants;
			sourceTree = "<group>";
		};
		21F1BC8121AF895B008CAFA5 /* Resources */ = {
			isa = PBXGroup;
			children = (
				21F1BC8221AF895B008CAFA5 /* IQKeyboardManager.bundle */,
			);
			path = Resources;
			sourceTree = "<group>";
		};
		21F1BC8621AF895B008CAFA5 /* Categories */ = {
			isa = PBXGroup;
			children = (
				21F1BC8721AF895B008CAFA5 /* IQNSArray+Sort.m */,
				21F1BC8821AF895B008CAFA5 /* IQUIWindow+Hierarchy.m */,
				21F1BC8921AF895B008CAFA5 /* IQUIViewController+Additions.h */,
				21F1BC8A21AF895B008CAFA5 /* IQUITextFieldView+Additions.m */,
				21F1BC8B21AF895B008CAFA5 /* IQUIScrollView+Additions.m */,
				21F1BC8C21AF895B008CAFA5 /* IQUIView+Hierarchy.m */,
				21F1BC8D21AF895B008CAFA5 /* IQUIWindow+Hierarchy.h */,
				21F1BC8E21AF895B008CAFA5 /* IQNSArray+Sort.h */,
				21F1BC8F21AF895B008CAFA5 /* IQUIScrollView+Additions.h */,
				21F1BC9021AF895B008CAFA5 /* IQUITextFieldView+Additions.h */,
				21F1BC9121AF895B008CAFA5 /* IQUIViewController+Additions.m */,
				21F1BC9221AF895B008CAFA5 /* IQUIView+Hierarchy.h */,
			);
			path = Categories;
			sourceTree = "<group>";
		};
		21F1BCC121AFC441008CAFA5 /* LYCountDownButton */ = {
			isa = PBXGroup;
			children = (
				21F1BCC321AFC441008CAFA5 /* LYCountDownButton.h */,
				21F1BCC221AFC441008CAFA5 /* LYCountDownButton.m */,
			);
			path = LYCountDownButton;
			sourceTree = "<group>";
		};
/* End PBXGroup section */

/* Begin PBXHeadersBuildPhase section */
		21F168B421AD13BD00C69519 /* Headers */ = {
			isa = PBXHeadersBuildPhase;
			buildActionMask = 2147483647;
			files = (
				216BE6BB21AE6110007D3BD5 /* SVProgressHUD.h in Headers */,
				21F1BCBB21AFBA03008CAFA5 /* LYFogetPswordController.h in Headers */,
				21F168EA21AD18D000C69519 /* LYouNetClient.h in Headers */,
				21F1BCA521AF895B008CAFA5 /* IQKeyboardReturnKeyHandler.h in Headers */,
				21F1693321AD22C500C69519 /* LYouPrefixHeader.pch in Headers */,
				217E779321B50BF300B7930A /* LY_UserViewController.h in Headers */,
				21F1BC9A21AF895B008CAFA5 /* IQPreviousNextView.h in Headers */,
				21F1BCA321AF895B008CAFA5 /* IQKeyboardManagerConstants.h in Headers */,
				21F1BCB321AF895B008CAFA5 /* IQUIView+Hierarchy.h in Headers */,
				21298AE421B688C3002A7198 /* LY_OtherPayViewController.h in Headers */,
				21F1BCB021AF895B008CAFA5 /* IQUIScrollView+Additions.h in Headers */,
				216BE6BA21AE6110007D3BD5 /* SVIndefiniteAnimatedView.h in Headers */,
				217E777A21B4C73400B7930A /* LYouOtherPayController.h in Headers */,
				21F1695621AD2C4800C69519 /* LYouLoginController.h in Headers */,
				21F168F921AD200200C69519 /* UITableView+SDAutoTableViewCellHeight.h in Headers */,
				21F1BCA021AF895B008CAFA5 /* IQBarButtonItem.h in Headers */,
				2129740821B5248D00246DCF /* LY_BindPhoneController.h in Headers */,
				21F1BC9F21AF895B008CAFA5 /* IQToolbar.h in Headers */,
				21F1695C21AD2D8C00C69519 /* LYouTopViewManager.h in Headers */,
				21F1BC2321AE84F2008CAFA5 /* LYLoginView.h in Headers */,
				21F1BCC521AFC441008CAFA5 /* LYCountDownButton.h in Headers */,
				216BE6BD21AE6110007D3BD5 /* SVProgressHUD-Prefix.pch in Headers */,
				21F1BCB721AFB8E9008CAFA5 /* LYRegisterController.h in Headers */,
				21F1BCAA21AF895B008CAFA5 /* IQUIViewController+Additions.h in Headers */,
				21F1BCAE21AF895B008CAFA5 /* IQUIWindow+Hierarchy.h in Headers */,
				21F168E421AD149100C69519 /* LYouManager.h in Headers */,
				2118A2AB21B7CB6800D1547A /* JoDes.h in Headers */,
				21F1BCCC21AFCE3D008CAFA5 /* LYRegistView.h in Headers */,
				217E777E21B4CB0100B7930A /* LYouNetWorkManager.h in Headers */,
				21F1BCA121AF895B008CAFA5 /* IQTitleBarButtonItem.h in Headers */,
				21F1693B21AD269C00C69519 /* LYouUserDefauleManager.h in Headers */,
				214C051C21B53D0300A58096 /* LY_ModifyPsdController.h in Headers */,
				21F1BCBF21AFBB78008CAFA5 /* LYForgetPsdView.h in Headers */,
				21F1BC6221AEA4DD008CAFA5 /* UIView+FTCornerdious.h in Headers */,
				21F1BCA221AF895B008CAFA5 /* IQKeyboardManagerConstantsInternal.h in Headers */,
				21F1693E21AD270200C69519 /* LYouUserMacro.h in Headers */,
				21F1BCB121AF895B008CAFA5 /* IQUITextFieldView+Additions.h in Headers */,
				21F1BCA621AF895B008CAFA5 /* IQKeyboardManager.h in Headers */,
				21F1BCC821AFC561008CAFA5 /* UtilityFunction.h in Headers */,
				21F1693721AD244400C69519 /* LYouMacro.h in Headers */,
				216BE6C521AE6327007D3BD5 /* LYouAppPayController.h in Headers */,
				21F168FA21AD200200C69519 /* SDAutoLayout.h in Headers */,
				21F168F021AD1EA000C69519 /* LYouMD5Tool.h in Headers */,
				21F1BC6621AF81C2008CAFA5 /* LYouAcountLoginController.h in Headers */,
				21F1BC9821AF895B008CAFA5 /* IQUIView+IQKeyboardToolbar.h in Headers */,
				216BE6BE21AE6110007D3BD5 /* SVRadialGradientLayer.h in Headers */,
				21F168FC21AD200200C69519 /* UIView+SDAutoLayout.h in Headers */,
				217E778F21B50AC700B7930A /* LYUserCenterManager.h in Headers */,
				21F1BC9721AF895B008CAFA5 /* IQTextView.h in Headers */,
				21F1BC6A21AF81F4008CAFA5 /* LYAccountLoginView.h in Headers */,
				216BE6C121AE6110007D3BD5 /* SVProgressAnimatedView.h in Headers */,
				21F1BCAF21AF895B008CAFA5 /* IQNSArray+Sort.h in Headers */,
			);
			runOnlyForDeploymentPostprocessing = 0;
		};
/* End PBXHeadersBuildPhase section */

/* Begin PBXNativeTarget section */
		21F168B821AD13BD00C69519 /* LYouFrameWork */ = {
			isa = PBXNativeTarget;
			buildConfigurationList = 21F168C121AD13BE00C69519 /* Build configuration list for PBXNativeTarget "LYouFrameWork" */;
			buildPhases = (
				21F168B421AD13BD00C69519 /* Headers */,
				21F168B521AD13BD00C69519 /* Sources */,
				21F168B621AD13BD00C69519 /* Frameworks */,
				21F168B721AD13BD00C69519 /* Resources */,
			);
			buildRules = (
			);
			dependencies = (
			);
			name = LYouFrameWork;
			productName = LYouFrameWork;
			productReference = 21F168B921AD13BD00C69519 /* LYouFrameWork.framework */;
			productType = "com.apple.product-type.framework";
		};
		21F168C721AD140F00C69519 /* LYouFrameWorkApp */ = {
			isa = PBXNativeTarget;
			buildConfigurationList = 21F168DB21AD141000C69519 /* Build configuration list for PBXNativeTarget "LYouFrameWorkApp" */;
			buildPhases = (
				21F168C421AD140F00C69519 /* Sources */,
				21F168C521AD140F00C69519 /* Frameworks */,
				21F168C621AD140F00C69519 /* Resources */,
			);
			buildRules = (
			);
			dependencies = (
				21F168DF21AD144A00C69519 /* PBXTargetDependency */,
			);
			name = LYouFrameWorkApp;
			productName = LYouFrameWorkApp;
			productReference = 21F168C821AD140F00C69519 /* LYouFrameWorkApp.app */;
			productType = "com.apple.product-type.application";
		};
/* End PBXNativeTarget section */

/* Begin PBXProject section */
		21F168B021AD13BD00C69519 /* Project object */ = {
			isa = PBXProject;
			attributes = {
				LastUpgradeCheck = 1010;
				ORGANIZATIONNAME = grx;
				TargetAttributes = {
					21F168B821AD13BD00C69519 = {
						CreatedOnToolsVersion = 10.1;
					};
					21F168C721AD140F00C69519 = {
						CreatedOnToolsVersion = 10.1;
					};
				};
			};
			buildConfigurationList = 21F168B321AD13BD00C69519 /* Build configuration list for PBXProject "LYouFrameWork" */;
			compatibilityVersion = "Xcode 9.3";
			developmentRegion = en;
			hasScannedForEncodings = 0;
			knownRegions = (
				en,
				Base,
			);
			mainGroup = 21F168AF21AD13BD00C69519;
			productRefGroup = 21F168BA21AD13BD00C69519 /* Products */;
			projectDirPath = "";
			projectRoot = "";
			targets = (
				21F168B821AD13BD00C69519 /* LYouFrameWork */,
				21F168C721AD140F00C69519 /* LYouFrameWorkApp */,
			);
		};
/* End PBXProject section */

/* Begin PBXResourcesBuildPhase section */
		21F168B721AD13BD00C69519 /* Resources */ = {
			isa = PBXResourcesBuildPhase;
			buildActionMask = 2147483647;
			files = (
				21F1BC9521AF895B008CAFA5 /* README.md in Resources */,
				21F1BC9421AF895B008CAFA5 /* LICENSE.md in Resources */,
				21298AE321B688C3002A7198 /* LY_OtherPayViewController.xib in Resources */,
				21F1BCA421AF895B008CAFA5 /* IQKeyboardManager.bundle in Resources */,
			);
			runOnlyForDeploymentPostprocessing = 0;
		};
		21F168C621AD140F00C69519 /* Resources */ = {
			isa = PBXResourcesBuildPhase;
			buildActionMask = 2147483647;
			files = (
				21F168D721AD141000C69519 /* LaunchScreen.storyboard in Resources */,
				21F168D421AD141000C69519 /* Assets.xcassets in Resources */,
				21F168D221AD140F00C69519 /* Main.storyboard in Resources */,
				21F1699221AD509700C69519 /* images.bundle in Resources */,
			);
			runOnlyForDeploymentPostprocessing = 0;
		};
/* End PBXResourcesBuildPhase section */

/* Begin PBXSourcesBuildPhase section */
		21F168B521AD13BD00C69519 /* Sources */ = {
			isa = PBXSourcesBuildPhase;
			buildActionMask = 2147483647;
			files = (
				2118A2AA21B7CB6800D1547A /* JoDes.m in Sources */,
				21F1BCA721AF895B008CAFA5 /* IQKeyboardManager.m in Sources */,
				21F1695721AD2C4800C69519 /* LYouLoginController.m in Sources */,
				21F1BCB421AF895B008CAFA5 /* IQKeyboardReturnKeyHandler.m in Sources */,
				216BE6C621AE6327007D3BD5 /* LYouAppPayController.m in Sources */,
				21F1BCA921AF895B008CAFA5 /* IQUIWindow+Hierarchy.m in Sources */,
				21F1BCAD21AF895B008CAFA5 /* IQUIView+Hierarchy.m in Sources */,
				21F1BC6B21AF81F4008CAFA5 /* LYAccountLoginView.m in Sources */,
				216BE6BC21AE6110007D3BD5 /* SVProgressAnimatedView.m in Sources */,
				21F1BC9921AF895B008CAFA5 /* IQToolbar.m in Sources */,
				21F1BCCD21AFCE3D008CAFA5 /* LYRegistView.m in Sources */,
				21F1BC6721AF81C2008CAFA5 /* LYouAcountLoginController.m in Sources */,
				21F1BCAC21AF895B008CAFA5 /* IQUIScrollView+Additions.m in Sources */,
				217E777B21B4C73400B7930A /* LYouOtherPayController.m in Sources */,
				2129740921B5248D00246DCF /* LY_BindPhoneController.m in Sources */,
				216BE6B921AE6110007D3BD5 /* SVRadialGradientLayer.m in Sources */,
				217E779021B50AC700B7930A /* LYUserCenterManager.m in Sources */,
				21F1695D21AD2D8C00C69519 /* LYouTopViewManager.m in Sources */,
				217E779421B50BF300B7930A /* LY_UserViewController.m in Sources */,
				214C051D21B53D0300A58096 /* LY_ModifyPsdController.m in Sources */,
				21F168E521AD149100C69519 /* LYouManager.m in Sources */,
				21F1BC9621AF895B008CAFA5 /* IQTextView.m in Sources */,
				21F168EB21AD18D000C69519 /* LYouNetClient.m in Sources */,
				21F1BCAB21AF895B008CAFA5 /* IQUITextFieldView+Additions.m in Sources */,
				21F1BCC421AFC441008CAFA5 /* LYCountDownButton.m in Sources */,
				21F1BCC921AFC561008CAFA5 /* UtilityFunction.m in Sources */,
				21F1693C21AD269C00C69519 /* LYouUserDefauleManager.m in Sources */,
				21F1BC9D21AF895B008CAFA5 /* IQUIView+IQKeyboardToolbar.m in Sources */,
				21F1BC9C21AF895B008CAFA5 /* IQBarButtonItem.m in Sources */,
				21F1BCC021AFBB78008CAFA5 /* LYForgetPsdView.m in Sources */,
				21F1BCB221AF895B008CAFA5 /* IQUIViewController+Additions.m in Sources */,
				21F168F821AD200200C69519 /* UIView+SDAutoLayout.m in Sources */,
				21F1BCA821AF895B008CAFA5 /* IQNSArray+Sort.m in Sources */,
				21F1BC9E21AF895B008CAFA5 /* IQPreviousNextView.m in Sources */,
				21F168F121AD1EA000C69519 /* LYouMD5Tool.m in Sources */,
				217E777F21B4CB0100B7930A /* LYouNetWorkManager.m in Sources */,
				216BE6BF21AE6110007D3BD5 /* SVProgressHUD.m in Sources */,
				21F1BC2421AE84F2008CAFA5 /* LYLoginView.m in Sources */,
				21298AE221B688C3002A7198 /* LY_OtherPayViewController.m in Sources */,
				21F1BC9B21AF895B008CAFA5 /* IQTitleBarButtonItem.m in Sources */,
				21F1BCBC21AFBA03008CAFA5 /* LYFogetPswordController.m in Sources */,
				21F1BC6321AEA4DD008CAFA5 /* UIView+FTCornerdious.m in Sources */,
				21F168FB21AD200200C69519 /* UITableView+SDAutoTableViewCellHeight.m in Sources */,
				216BE6C021AE6110007D3BD5 /* SVIndefiniteAnimatedView.m in Sources */,
				21F1BCB821AFB8E9008CAFA5 /* LYRegisterController.m in Sources */,
			);
			runOnlyForDeploymentPostprocessing = 0;
		};
		21F168C421AD140F00C69519 /* Sources */ = {
			isa = PBXSourcesBuildPhase;
			buildActionMask = 2147483647;
			files = (
				21F168CF21AD140F00C69519 /* ViewController.m in Sources */,
				21F168DA21AD141000C69519 /* main.m in Sources */,
				21F168CC21AD140F00C69519 /* AppDelegate.m in Sources */,
			);
			runOnlyForDeploymentPostprocessing = 0;
		};
/* End PBXSourcesBuildPhase section */

/* Begin PBXTargetDependency section */
		21F168DF21AD144A00C69519 /* PBXTargetDependency */ = {
			isa = PBXTargetDependency;
			target = 21F168B821AD13BD00C69519 /* LYouFrameWork */;
			targetProxy = 21F168DE21AD144A00C69519 /* PBXContainerItemProxy */;
		};
/* End PBXTargetDependency section */

/* Begin PBXVariantGroup section */
		21F168D021AD140F00C69519 /* Main.storyboard */ = {
			isa = PBXVariantGroup;
			children = (
				21F168D121AD140F00C69519 /* Base */,
			);
			name = Main.storyboard;
			sourceTree = "<group>";
		};
		21F168D521AD141000C69519 /* LaunchScreen.storyboard */ = {
			isa = PBXVariantGroup;
			children = (
				21F168D621AD141000C69519 /* Base */,
			);
			name = LaunchScreen.storyboard;
			sourceTree = "<group>";
		};
/* End PBXVariantGroup section */

/* Begin XCBuildConfiguration section */
		21F168BF21AD13BE00C69519 /* Debug */ = {
			isa = XCBuildConfiguration;
			buildSettings = {
				ALWAYS_SEARCH_USER_PATHS = NO;
				CLANG_ANALYZER_NONNULL = YES;
				CLANG_ANALYZER_NUMBER_OBJECT_CONVERSION = YES_AGGRESSIVE;
				CLANG_CXX_LANGUAGE_STANDARD = "gnu++14";
				CLANG_CXX_LIBRARY = "libc++";
				CLANG_ENABLE_MODULES = YES;
				CLANG_ENABLE_OBJC_ARC = YES;
				CLANG_ENABLE_OBJC_WEAK = YES;
				CLANG_WARN_BLOCK_CAPTURE_AUTORELEASING = YES;
				CLANG_WARN_BOOL_CONVERSION = YES;
				CLANG_WARN_COMMA = YES;
				CLANG_WARN_CONSTANT_CONVERSION = YES;
				CLANG_WARN_DEPRECATED_OBJC_IMPLEMENTATIONS = YES;
				CLANG_WARN_DIRECT_OBJC_ISA_USAGE = YES_ERROR;
				CLANG_WARN_DOCUMENTATION_COMMENTS = YES;
				CLANG_WARN_EMPTY_BODY = YES;
				CLANG_WARN_ENUM_CONVERSION = YES;
				CLANG_WARN_INFINITE_RECURSION = YES;
				CLANG_WARN_INT_CONVERSION = YES;
				CLANG_WARN_NON_LITERAL_NULL_CONVERSION = YES;
				CLANG_WARN_OBJC_IMPLICIT_RETAIN_SELF = YES;
				CLANG_WARN_OBJC_LITERAL_CONVERSION = YES;
				CLANG_WARN_OBJC_ROOT_CLASS = YES_ERROR;
				CLANG_WARN_RANGE_LOOP_ANALYSIS = YES;
				CLANG_WARN_STRICT_PROTOTYPES = YES;
				CLANG_WARN_SUSPICIOUS_MOVE = YES;
				CLANG_WARN_UNGUARDED_AVAILABILITY = YES_AGGRESSIVE;
				CLANG_WARN_UNREACHABLE_CODE = YES;
				CLANG_WARN__DUPLICATE_METHOD_MATCH = YES;
				CODE_SIGN_IDENTITY = "iPhone Developer";
				COPY_PHASE_STRIP = NO;
				CURRENT_PROJECT_VERSION = 1;
				DEBUG_INFORMATION_FORMAT = dwarf;
				ENABLE_STRICT_OBJC_MSGSEND = YES;
				ENABLE_TESTABILITY = YES;
				GCC_C_LANGUAGE_STANDARD = gnu11;
				GCC_DYNAMIC_NO_PIC = NO;
				GCC_NO_COMMON_BLOCKS = YES;
				GCC_OPTIMIZATION_LEVEL = 0;
				GCC_PREPROCESSOR_DEFINITIONS = (
					"DEBUG=1",
					"$(inherited)",
				);
				GCC_WARN_64_TO_32_BIT_CONVERSION = YES;
				GCC_WARN_ABOUT_RETURN_TYPE = YES_ERROR;
				GCC_WARN_UNDECLARED_SELECTOR = YES;
				GCC_WARN_UNINITIALIZED_AUTOS = YES_AGGRESSIVE;
				GCC_WARN_UNUSED_FUNCTION = YES;
				GCC_WARN_UNUSED_VARIABLE = YES;
				IPHONEOS_DEPLOYMENT_TARGET = 12.1;
				MTL_ENABLE_DEBUG_INFO = INCLUDE_SOURCE;
				MTL_FAST_MATH = YES;
				ONLY_ACTIVE_ARCH = YES;
				SDKROOT = iphoneos;
				VERSIONING_SYSTEM = "apple-generic";
				VERSION_INFO_PREFIX = "";
			};
			name = Debug;
		};
		21F168C021AD13BE00C69519 /* Release */ = {
			isa = XCBuildConfiguration;
			buildSettings = {
				ALWAYS_SEARCH_USER_PATHS = NO;
				CLANG_ANALYZER_NONNULL = YES;
				CLANG_ANALYZER_NUMBER_OBJECT_CONVERSION = YES_AGGRESSIVE;
				CLANG_CXX_LANGUAGE_STANDARD = "gnu++14";
				CLANG_CXX_LIBRARY = "libc++";
				CLANG_ENABLE_MODULES = YES;
				CLANG_ENABLE_OBJC_ARC = YES;
				CLANG_ENABLE_OBJC_WEAK = YES;
				CLANG_WARN_BLOCK_CAPTURE_AUTORELEASING = YES;
				CLANG_WARN_BOOL_CONVERSION = YES;
				CLANG_WARN_COMMA = YES;
				CLANG_WARN_CONSTANT_CONVERSION = YES;
				CLANG_WARN_DEPRECATED_OBJC_IMPLEMENTATIONS = YES;
				CLANG_WARN_DIRECT_OBJC_ISA_USAGE = YES_ERROR;
				CLANG_WARN_DOCUMENTATION_COMMENTS = YES;
				CLANG_WARN_EMPTY_BODY = YES;
				CLANG_WARN_ENUM_CONVERSION = YES;
				CLANG_WARN_INFINITE_RECURSION = YES;
				CLANG_WARN_INT_CONVERSION = YES;
				CLANG_WARN_NON_LITERAL_NULL_CONVERSION = YES;
				CLANG_WARN_OBJC_IMPLICIT_RETAIN_SELF = YES;
				CLANG_WARN_OBJC_LITERAL_CONVERSION = YES;
				CLANG_WARN_OBJC_ROOT_CLASS = YES_ERROR;
				CLANG_WARN_RANGE_LOOP_ANALYSIS = YES;
				CLANG_WARN_STRICT_PROTOTYPES = YES;
				CLANG_WARN_SUSPICIOUS_MOVE = YES;
				CLANG_WARN_UNGUARDED_AVAILABILITY = YES_AGGRESSIVE;
				CLANG_WARN_UNREACHABLE_CODE = YES;
				CLANG_WARN__DUPLICATE_METHOD_MATCH = YES;
				CODE_SIGN_IDENTITY = "iPhone Developer";
				COPY_PHASE_STRIP = NO;
				CURRENT_PROJECT_VERSION = 1;
				DEBUG_INFORMATION_FORMAT = "dwarf-with-dsym";
				ENABLE_NS_ASSERTIONS = NO;
				ENABLE_STRICT_OBJC_MSGSEND = YES;
				GCC_C_LANGUAGE_STANDARD = gnu11;
				GCC_NO_COMMON_BLOCKS = YES;
				GCC_WARN_64_TO_32_BIT_CONVERSION = YES;
				GCC_WARN_ABOUT_RETURN_TYPE = YES_ERROR;
				GCC_WARN_UNDECLARED_SELECTOR = YES;
				GCC_WARN_UNINITIALIZED_AUTOS = YES_AGGRESSIVE;
				GCC_WARN_UNUSED_FUNCTION = YES;
				GCC_WARN_UNUSED_VARIABLE = YES;
				IPHONEOS_DEPLOYMENT_TARGET = 12.1;
				MTL_ENABLE_DEBUG_INFO = NO;
				MTL_FAST_MATH = YES;
				SDKROOT = iphoneos;
				VALIDATE_PRODUCT = YES;
				VERSIONING_SYSTEM = "apple-generic";
				VERSION_INFO_PREFIX = "";
			};
			name = Release;
		};
		21F168C221AD13BE00C69519 /* Debug */ = {
			isa = XCBuildConfiguration;
			buildSettings = {
				CODE_SIGN_IDENTITY = "";
				CODE_SIGN_STYLE = Automatic;
				DEAD_CODE_STRIPPING = NO;
				DEFINES_MODULE = NO;
				DEVELOPMENT_TEAM = 35HG47YK45;
				DYLIB_COMPATIBILITY_VERSION = 1;
				DYLIB_CURRENT_VERSION = 1;
				DYLIB_INSTALL_NAME_BASE = "@rpath";
				ENABLE_BITCODE = NO;
				GCC_PREFIX_HEADER = "$(SRCROOT)/LYouFrameWork/LYouPrefixHeader.pch";
				INFOPLIST_FILE = LYouFrameWork/Info.plist;
				INSTALL_PATH = "$(LOCAL_LIBRARY_DIR)/Frameworks";
				LD_RUNPATH_SEARCH_PATHS = (
					"$(inherited)",
					"@executable_path/Frameworks",
					"@loader_path/Frameworks",
				);
				MACH_O_TYPE = staticlib;
				ONLY_ACTIVE_ARCH = NO;
				OTHER_CFLAGS = "-fembed-bitcode";
				OTHER_LDFLAGS = (
					"-ObjC",
					"-all_load",
				);
				PRODUCT_BUNDLE_IDENTIFIER = com.fh.LYouFrameWork;
				PRODUCT_NAME = "$(TARGET_NAME:c99extidentifier)";
				SKIP_INSTALL = YES;
				TARGETED_DEVICE_FAMILY = "1,2";
			};
			name = Debug;
		};
		21F168C321AD13BE00C69519 /* Release */ = {
			isa = XCBuildConfiguration;
			buildSettings = {
				CODE_SIGN_IDENTITY = "";
				CODE_SIGN_STYLE = Automatic;
				DEAD_CODE_STRIPPING = NO;
				DEFINES_MODULE = NO;
				DEVELOPMENT_TEAM = 35HG47YK45;
				DYLIB_COMPATIBILITY_VERSION = 1;
				DYLIB_CURRENT_VERSION = 1;
				DYLIB_INSTALL_NAME_BASE = "@rpath";
				ENABLE_BITCODE = NO;
				GCC_PREFIX_HEADER = "$(SRCROOT)/LYouFrameWork/LYouPrefixHeader.pch";
				INFOPLIST_FILE = LYouFrameWork/Info.plist;
				INSTALL_PATH = "$(LOCAL_LIBRARY_DIR)/Frameworks";
				LD_RUNPATH_SEARCH_PATHS = (
					"$(inherited)",
					"@executable_path/Frameworks",
					"@loader_path/Frameworks",
				);
				MACH_O_TYPE = staticlib;
				ONLY_ACTIVE_ARCH = NO;
				OTHER_CFLAGS = "-fembed-bitcode";
				OTHER_LDFLAGS = (
					"-ObjC",
					"-all_load",
				);
				PRODUCT_BUNDLE_IDENTIFIER = com.fh.LYouFrameWork;
				PRODUCT_NAME = "$(TARGET_NAME:c99extidentifier)";
				SKIP_INSTALL = YES;
				TARGETED_DEVICE_FAMILY = "1,2";
			};
			name = Release;
		};
		21F168DC21AD141000C69519 /* Debug */ = {
			isa = XCBuildConfiguration;
			buildSettings = {
				ASSETCATALOG_COMPILER_APPICON_NAME = AppIcon;
				CODE_SIGN_IDENTITY = "iPhone Developer";
				CODE_SIGN_STYLE = Manual;
				DEVELOPMENT_TEAM = B2P432SS35;
				INFOPLIST_FILE = LYouFrameWorkApp/Info.plist;
				IPHONEOS_DEPLOYMENT_TARGET = 12.1;
				LD_RUNPATH_SEARCH_PATHS = (
					"$(inherited)",
					"@executable_path/Frameworks",
				);
				OTHER_LDFLAGS = "-ObjC";
				PRODUCT_BUNDLE_IDENTIFIER = com.G006.xxlywz01;
				PRODUCT_NAME = "$(TARGET_NAME)";
				PROVISIONING_PROFILE_SPECIFIER = com.G006.xxlywz01_dev;
				TARGETED_DEVICE_FAMILY = "1,2";
			};
			name = Debug;
		};
		21F168DD21AD141000C69519 /* Release */ = {
			isa = XCBuildConfiguration;
			buildSettings = {
				ASSETCATALOG_COMPILER_APPICON_NAME = AppIcon;
				CODE_SIGN_IDENTITY = "iPhone Developer";
				CODE_SIGN_STYLE = Manual;
				DEVELOPMENT_TEAM = B2P432SS35;
				INFOPLIST_FILE = LYouFrameWorkApp/Info.plist;
				IPHONEOS_DEPLOYMENT_TARGET = 12.1;
				LD_RUNPATH_SEARCH_PATHS = (
					"$(inherited)",
					"@executable_path/Frameworks",
				);
				OTHER_LDFLAGS = "-ObjC";
				PRODUCT_BUNDLE_IDENTIFIER = com.G006.xxlywz01;
				PRODUCT_NAME = "$(TARGET_NAME)";
				PROVISIONING_PROFILE_SPECIFIER = com.G006.xxlywz01_dev;
				TARGETED_DEVICE_FAMILY = "1,2";
			};
			name = Release;
		};
/* End XCBuildConfiguration section */

/* Begin XCConfigurationList section */
		21F168B321AD13BD00C69519 /* Build configuration list for PBXProject "LYouFrameWork" */ = {
			isa = XCConfigurationList;
			buildConfigurations = (
				21F168BF21AD13BE00C69519 /* Debug */,
				21F168C021AD13BE00C69519 /* Release */,
			);
			defaultConfigurationIsVisible = 0;
			defaultConfigurationName = Release;
		};
		21F168C121AD13BE00C69519 /* Build configuration list for PBXNativeTarget "LYouFrameWork" */ = {
			isa = XCConfigurationList;
			buildConfigurations = (
				21F168C221AD13BE00C69519 /* Debug */,
				21F168C321AD13BE00C69519 /* Release */,
			);
			defaultConfigurationIsVisible = 0;
			defaultConfigurationName = Release;
		};
		21F168DB21AD141000C69519 /* Build configuration list for PBXNativeTarget "LYouFrameWorkApp" */ = {
			isa = XCConfigurationList;
			buildConfigurations = (
				21F168DC21AD141000C69519 /* Debug */,
				21F168DD21AD141000C69519 /* Release */,
			);
			defaultConfigurationIsVisible = 0;
			defaultConfigurationName = Release;
		};
/* End XCConfigurationList section */
	};
	rootObject = 21F168B021AD13BD00C69519 /* Project object */;
}
